
Microsoft Visual Studio Solution File, Format Version 12.00
# Visual Studio Version 16
VisualStudioVersion = 16.0.29613.14
MinimumVisualStudioVersion = 10.0.40219.1
Project("{888888A0-9F3D-457C-B088-3A5042F75D52}") = "IntroProject", "IntroProject\IntroProject.pyproj", "{356A1702-BD78-4575-A441-05A75C8A41A8}"
EndProject
Global
	GlobalSection(SolutionConfigurationPlatforms) = preSolution
		Debug|Any CPU = Debug|Any CPU
		Release|Any CPU = Release|Any CPU
	EndGlobalSection
	GlobalSection(ProjectConfigurationPlatforms) = postSolution
		{356A1702-BD78-4575-A441-05A75C8A41A8}.Debug|Any CPU.ActiveCfg = Debug|Any CPU
		{356A1702-BD78-4575-A441-05A75C8A41A8}.Release|Any CPU.ActiveCfg = Release|Any CPU
	EndGlobalSection
	GlobalSection(SolutionProperties) = preSolution
		HideSolutionNode = FALSE
	EndGlobalSection
	GlobalSection(ExtensibilityGlobals) = postSolution
		SolutionGuid = {7401AF50-7564-4BDD-86CD-BD1D173E3D18}
	EndGlobalSection
EndGlobal
